
Microsoft Visual Studio Solution File, Format Version 12.00
# Visual Studio Version 17
VisualStudioVersion = 17.11.35222.181
MinimumVisualStudioVersion = 10.0.40219.1
Project("{8BC9CEB8-8B4A-11D0-8D11-00A0C91BC942}") = "Main", "Main\Main.vcxproj", "{40574DB0-8746-4FA3-BBF1-FA27D7B6E5AF}"
EndProject
Global
	GlobalSection(SolutionConfigurationPlatforms) = preSolution
		Debug|x64 = Debug|x64
		Debug|x86 = Debug|x86
		Release|x64 = Release|x64
		Release|x86 = Release|x86
	EndGlobalSection
	GlobalSection(ProjectConfigurationPlatforms) = postSolution
		{40574DB0-8746-4FA3-BBF1-FA27D7B6E5AF}.Debug|x64.ActiveCfg = Debug|x64
		{40574DB0-8746-4FA3-BBF1-FA27D7B6E5AF}.Debug|x64.Build.0 = Debug|x64
		{40574DB0-8746-4FA3-BBF1-FA27D7B6E5AF}.Debug|x86.ActiveCfg = Debug|Win32
		{40574DB0-8746-4FA3-BBF1-FA27D7B6E5AF}.Debug|x86.Build.0 = Debug|Win32
		{40574DB0-8746-4FA3-BBF1-FA27D7B6E5AF}.Release|x64.ActiveCfg = Release|x64
		{40574DB0-8746-4FA3-BBF1-FA27D7B6E5AF}.Release|x64.Build.0 = Release|x64
		{40574DB0-8746-4FA3-BBF1-FA27D7B6E5AF}.Release|x86.ActiveCfg = Release|Win32
		{40574DB0-8746-4FA3-BBF1-FA27D7B6E5AF}.Release|x86.Build.0 = Release|Win32
	EndGlobalSection
	GlobalSection(SolutionProperties) = preSolution
		HideSolutionNode = FALSE
	EndGlobalSection
	GlobalSection(ExtensibilityGlobals) = postSolution
		SolutionGuid = {4261ADE2-9DAE-4442-B65A-9BAF3719ABB3}
	EndGlobalSection
EndGlobal
